{
  "version": 4,
  "terraform_version": "1.1.6",
  "serial": 7,
  "lineage": "220108a3-54e2-2867-0a14-3f687de643d1",
  "outputs": {},
  "resources": [
    {
      "mode": "managed",
      "type": "aws_iam_role",
      "name": "lambda_role",
      "provider": "provider[\"registry.terraform.io/hashicorp/aws\"]",
      "instances": [
        {
          "schema_version": 0,
          "attributes": {
            "arn": "arn:aws:iam::522557265874:role/lch-sno-poc-client-lambda-role",
            "assume_role_policy": "{\"Version\":\"2012-10-17\",\"Statement\":[{\"Effect\":\"Allow\",\"Principal\":{\"Service\":\"lambda.amazonaws.com\"},\"Action\":\"sts:AssumeRole\"}]}",
            "create_date": "2022-08-16T08:57:25Z",
            "description": "",
            "force_detach_policies": false,
            "id": "lch-sno-poc-client-lambda-role",
            "inline_policy": [
              {
                "name": "",
                "policy": ""
              }
            ],
            "managed_policy_arns": [],
            "max_session_duration": 3600,
            "name": "lch-sno-poc-client-lambda-role",
            "name_prefix": "",
            "path": "/",
            "permissions_boundary": "arn:aws:iam::522557265874:policy/ServiceRoleBoundary",
            "tags": {
              "Environment": "development",
              "Name": "lch-sno-poc-client-lambda-role",
              "Owner": "Snowflake"
            },
            "tags_all": {
              "Environment": "development",
              "Name": "lch-sno-poc-client-lambda-role",
              "Owner": "Snowflake"
            },
            "unique_id": "AROAXTKWXC7JHLOSOTBHF"
          },
          "sensitive_attributes": [],
          "private": "bnVsbA=="
        }
      ]
    },
    {
      "mode": "managed",
      "type": "aws_iam_role_policy_attachment",
      "name": "additional_policies",
      "provider": "provider[\"registry.terraform.io/hashicorp/aws\"]",
      "instances": []
    },
    {
      "mode": "managed",
      "type": "aws_iam_role_policy_attachment",
      "name": "lambda_execution_policy",
      "provider": "provider[\"registry.terraform.io/hashicorp/aws\"]",
      "instances": [
        {
          "schema_version": 0,
          "attributes": {
            "id": "lch-sno-poc-client-lambda-role-20220816085727792100000001",
            "policy_arn": "arn:aws:iam::aws:policy/service-role/AWSLambdaBasicExecutionRole",
            "role": "lch-sno-poc-client-lambda-role"
          },
          "sensitive_attributes": [],
          "private": "bnVsbA==",
          "dependencies": [
            "aws_iam_role.lambda_role"
          ]
        }
      ]
    }
  ]
}
